
Microsoft Visual Studio Solution File, Format Version 12.00
# Visual Studio Version 17
VisualStudioVersion = 17.8.34309.116
MinimumVisualStudioVersion = 10.0.40219.1
Project("{FAE04EC0-301F-11D3-BF4B-00C04F79EFBC}") = "DapperCrudOperations", "DapperCrudOperations\DapperCrudOperations.csproj", "{0A18B56F-1F87-4159-BB3D-66DFC2DF547F}"
EndProject
Global
	GlobalSection(SolutionConfigurationPlatforms) = preSolution
		Debug|Any CPU = Debug|Any CPU
		Release|Any CPU = Release|Any CPU
	EndGlobalSection
	GlobalSection(ProjectConfigurationPlatforms) = postSolution
		{0A18B56F-1F87-4159-BB3D-66DFC2DF547F}.Debug|Any CPU.ActiveCfg = Debug|Any CPU
		{0A18B56F-1F87-4159-BB3D-66DFC2DF547F}.Debug|Any CPU.Build.0 = Debug|Any CPU
		{0A18B56F-1F87-4159-BB3D-66DFC2DF547F}.Release|Any CPU.ActiveCfg = Release|Any CPU
		{0A18B56F-1F87-4159-BB3D-66DFC2DF547F}.Release|Any CPU.Build.0 = Release|Any CPU
	EndGlobalSection
	GlobalSection(SolutionProperties) = preSolution
		HideSolutionNode = FALSE
	EndGlobalSection
	GlobalSection(ExtensibilityGlobals) = postSolution
		SolutionGuid = {012EED42-FB8A-44EF-8B2F-7537B2F68753}
	EndGlobalSection
EndGlobal
